// !$*UTF8*$!
{
	archiveVersion = 1;
	classes = {
	};
	objectVersion = 46;
	objects = {

/* Begin PBXBuildFile section */
		CA6CAFE31F4FF8670004022F /* AppDelegate.swift in Sources */ = {isa = PBXBuildFile; fileRef = CA6CAFE21F4FF8670004022F /* AppDelegate.swift */; };
		CA6CAFE51F4FF8670004022F /* ViewController.swift in Sources */ = {isa = PBXBuildFile; fileRef = CA6CAFE41F4FF8670004022F /* ViewController.swift */; };
		CA6CAFE81F4FF8670004022F /* Main.storyboard in Resources */ = {isa = PBXBuildFile; fileRef = CA6CAFE61F4FF8670004022F /* Main.storyboard */; };
		CA6CAFEA1F4FF8670004022F /* Assets.xcassets in Resources */ = {isa = PBXBuildFile; fileRef = CA6CAFE91F4FF8670004022F /* Assets.xcassets */; };
		CA6CAFED1F4FF8670004022F /* LaunchScreen.storyboard in Resources */ = {isa = PBXBuildFile; fileRef = CA6CAFEB1F4FF8670004022F /* LaunchScreen.storyboard */; };
/* End PBXBuildFile section */

/* Begin PBXFileReference section */
		CA6CAFDF1F4FF8670004022F /* Heads or Tails.app */ = {isa = PBXFileReference; explicitFileType = wrapper.application; includeInIndex = 0; path = "Heads or Tails.app"; sourceTree = BUILT_PRODUCTS_DIR; };
		CA6CAFE21F4FF8670004022F /* AppDelegate.swift */ = {isa = PBXFileReference; lastKnownFileType = sourcecode.swift; path = AppDelegate.swift; sourceTree = "<group>"; };
		CA6CAFE41F4FF8670004022F /* ViewController.swift */ = {isa = PBXFileReference; lastKnownFileType = sourcecode.swift; path = ViewController.swift; sourceTree = "<group>"; };
		CA6CAFE71F4FF8670004022F /* Base */ = {isa = PBXFileReference; lastKnownFileType = file.storyboard; name = Base; path = Base.lproj/Main.storyboard; sourceTree = "<group>"; };
		CA6CAFE91F4FF8670004022F /* Assets.xcassets */ = {isa = PBXFileReference; lastKnownFileType = folder.assetcatalog; path = Assets.xcassets; sourceTree = "<group>"; };
		CA6CAFEC1F4FF8670004022F /* Base */ = {isa = PBXFileReference; lastKnownFileType = file.storyboard; name = Base; path = Base.lproj/LaunchScreen.storyboard; sourceTree = "<group>"; };
		CA6CAFEE1F4FF8670004022F /* Info.plist */ = {isa = PBXFileReference; lastKnownFileType = text.plist.xml; path = Info.plist; sourceTree = "<group>"; };
/* End PBXFileReference section */

/* Begin PBXFrameworksBuildPhase section */
		CA6CAFDC1F4FF8670004022F /* Frameworks */ = {
			isa = PBXFrameworksBuildPhase;
			buildActionMask = 2147483647;
			files = (
			);
			runOnlyForDeploymentPostprocessing = 0;
		};
/* End PBXFrameworksBuildPhase section */

/* Begin PBXGroup section */
		CA6CAFD61F4FF8670004022F = {
			isa = PBXGroup;
			children = (
				CA6CAFE11F4FF8670004022F /* Heads or Tails */,
				CA6CAFE01F4FF8670004022F /* Products */,
			);
			sourceTree = "<group>";
		};
		CA6CAFE01F4FF8670004022F /* Products */ = {
			isa = PBXGroup;
			children = (
				CA6CAFDF1F4FF8670004022F /* Heads or Tails.app */,
			);
			name = Products;
			sourceTree = "<group>";
		};
		CA6CAFE11F4FF8670004022F /* Heads or Tails */ = {
			isa = PBXGroup;
			children = (
				CA6CAFE21F4FF8670004022F /* AppDelegate.swift */,
				CA6CAFE41F4FF8670004022F /* ViewController.swift */,
				CA6CAFE61F4FF8670004022F /* Main.storyboard */,
				CA6CAFE91F4FF8670004022F /* Assets.xcassets */,
				CA6CAFEB1F4FF8670004022F /* LaunchScreen.storyboard */,
				CA6CAFEE1F4FF8670004022F /* Info.plist */,
			);
			path = "Heads or Tails";
			sourceTree = "<group>";
		};
/* End PBXGroup section */

/* Begin PBXNativeTarget section */
		CA6CAFDE1F4FF8670004022F /* Heads or Tails */ = {
			isa = PBXNativeTarget;
			buildConfigurationList = CA6CAFF11F4FF8670004022F /* Build configuration list for PBXNativeTarget "Heads or Tails" */;
			buildPhases = (
				CA6CAFDB1F4FF8670004022F /* Sources */,
				CA6CAFDC1F4FF8670004022F /* Frameworks */,
				CA6CAFDD1F4FF8670004022F /* Resources */,
			);
			buildRules = (
			);
			dependencies = (
			);
			name = "Heads or Tails";
			productName = "Heads or Tails";
			productReference = CA6CAFDF1F4FF8670004022F /* Heads or Tails.app */;
			productType = "com.apple.product-type.application";
		};
/* End PBXNativeTarget section */

/* Begin PBXProject section */
		CA6CAFD71F4FF8670004022F /* Project object */ = {
			isa = PBXProject;
			attributes = {
				LastSwiftUpdateCheck = 0830;
				LastUpgradeCheck = 0830;
				ORGANIZATIONNAME = "Amanuel Ketebo";
				TargetAttributes = {
					CA6CAFDE1F4FF8670004022F = {
						CreatedOnToolsVersion = 8.3.3;
						DevelopmentTeam = 6Z5EK2Z6N5;
						ProvisioningStyle = Automatic;
					};
				};
			};
			buildConfigurationList = CA6CAFDA1F4FF8670004022F /* Build configuration list for PBXProject "Heads or Tails" */;
			compatibilityVersion = "Xcode 3.2";
			developmentRegion = English;
			hasScannedForEncodings = 0;
			knownRegions = (
				en,
				Base,
			);
			mainGroup = CA6CAFD61F4FF8670004022F;
			productRefGroup = CA6CAFE01F4FF8670004022F /* Products */;
			projectDirPath = "";
			projectRoot = "";
			targets = (
				CA6CAFDE1F4FF8670004022F /* Heads or Tails */,
			);
		};
/* End PBXProject section */

/* Begin PBXResourcesBuildPhase section */
		CA6CAFDD1F4FF8670004022F /* Resources */ = {
			isa = PBXResourcesBuildPhase;
			buildActionMask = 2147483647;
			files = (
				CA6CAFED1F4FF8670004022F /* LaunchScreen.storyboard in Resources */,
				CA6CAFEA1F4FF8670004022F /* Assets.xcassets in Resources */,
				CA6CAFE81F4FF8670004022F /* Main.storyboard in Resources */,
			);
			runOnlyForDeploymentPostprocessing = 0;
		};
/* End PBXResourcesBuildPhase section */

/* Begin PBXSourcesBuildPhase section */
		CA6CAFDB1F4FF8670004022F /* Sources */ = {
			isa = PBXSourcesBuildPhase;
			buildActionMask = 2147483647;
			files = (
				CA6CAFE51F4FF8670004022F /* ViewController.swift in Sources */,
				CA6CAFE31F4FF8670004022F /* AppDelegate.swift in Sources */,
			);
			runOnlyForDeploymentPostprocessing = 0;
		};
/* End PBXSourcesBuildPhase section */

/* Begin PBXVariantGroup section */
		CA6CAFE61F4FF8670004022F /* Main.storyboard */ = {
			isa = PBXVariantGroup;
			children = (
				CA6CAFE71F4FF8670004022F /* Base */,
			);
			name = Main.storyboard;
			sourceTree = "<group>";
		};
		CA6CAFEB1F4FF8670004022F /* LaunchScreen.storyboard */ = {
			isa = PBXVariantGroup;
			children = (
				CA6CAFEC1F4FF8670004022F /* Base */,
			);
			name = LaunchScreen.storyboard;
			sourceTree = "<group>";
		};
/* End PBXVariantGroup section */

/* Begin XCBuildConfiguration section */
		CA6CAFEF1F4FF8670004022F /* Debug */ = {
			isa = XCBuildConfiguration;
			buildSettings = {
				ALWAYS_SEARCH_USER_PATHS = NO;
				CLANG_ANALYZER_NONNULL = YES;
				CLANG_ANALYZER_NUMBER_OBJECT_CONVERSION = YES_AGGRESSIVE;
				CLANG_CXX_LANGUAGE_STANDARD = "gnu++0x";
				CLANG_CXX_LIBRARY = "libc++";
				CLANG_ENABLE_MODULES = YES;
				CLANG_ENABLE_OBJC_ARC = YES;
				CLANG_WARN_BOOL_CONVERSION = YES;
				CLANG_WARN_CONSTANT_CONVERSION = YES;
				CLANG_WARN_DIRECT_OBJC_ISA_USAGE = YES_ERROR;
				CLANG_WARN_DOCUMENTATION_COMMENTS = YES;
				CLANG_WARN_EMPTY_BODY = YES;
				CLANG_WARN_ENUM_CONVERSION = YES;
				CLANG_WARN_INFINITE_RECURSION = YES;
				CLANG_WARN_INT_CONVERSION = YES;
				CLANG_WARN_OBJC_ROOT_CLASS = YES_ERROR;
				CLANG_WARN_SUSPICIOUS_MOVE = YES;
				CLANG_WARN_UNREACHABLE_CODE = YES;
				CLANG_WARN__DUPLICATE_METHOD_MATCH = YES;
				"CODE_SIGN_IDENTITY[sdk=iphoneos*]" = "iPhone Developer";
				COPY_PHASE_STRIP = NO;
				DEBUG_INFORMATION_FORMAT = dwarf;
				ENABLE_STRICT_OBJC_MSGSEND = YES;
				ENABLE_TESTABILITY = YES;
				GCC_C_LANGUAGE_STANDARD = gnu99;
				GCC_DYNAMIC_NO_PIC = NO;
				GCC_NO_COMMON_BLOCKS = YES;
				GCC_OPTIMIZATION_LEVEL = 0;
				GCC_PREPROCESSOR_DEFINITIONS = (
					"DEBUG=1",
					"$(inherited)",
				);
				GCC_WARN_64_TO_32_BIT_CONVERSION = YES;
				GCC_WARN_ABOUT_RETURN_TYPE = YES_ERROR;
				GCC_WARN_UNDECLARED_SELECTOR = YES;
				GCC_WARN_UNINITIALIZED_AUTOS = YES_AGGRESSIVE;
				GCC_WARN_UNUSED_FUNCTION = YES;
				GCC_WARN_UNUSED_VARIABLE = YES;
				IPHONEOS_DEPLOYMENT_TARGET = 10.3;
				MTL_ENABLE_DEBUG_INFO = YES;
				ONLY_ACTIVE_ARCH = YES;
				SDKROOT = iphoneos;
				SWIFT_ACTIVE_COMPILATION_CONDITIONS = DEBUG;
				SWIFT_OPTIMIZATION_LEVEL = "-Onone";
				TARGETED_DEVICE_FAMILY = "1,2";
			};
			name = Debug;
		};
		CA6CAFF01F4FF8670004022F /* Release */ = {
			isa = XCBuildConfiguration;
			buildSettings = {
				ALWAYS_SEARCH_USER_PATHS = NO;
				CLANG_ANALYZER_NONNULL = YES;
				CLANG_ANALYZER_NUMBER_OBJECT_CONVERSION = YES_AGGRESSIVE;
				CLANG_CXX_LANGUAGE_STANDARD = "gnu++0x";
				CLANG_CXX_LIBRARY = "libc++";
				CLANG_ENABLE_MODULES = YES;
				CLANG_ENABLE_OBJC_ARC = YES;
				CLANG_WARN_BOOL_CONVERSION = YES;
				CLANG_WARN_CONSTANT_CONVERSION = YES;
				CLANG_WARN_DIRECT_OBJC_ISA_USAGE = YES_ERROR;
				CLANG_WARN_DOCUMENTATION_COMMENTS = YES;
				CLANG_WARN_EMPTY_BODY = YES;
				CLANG_WARN_ENUM_CONVERSION = YES;
				CLANG_WARN_INFINITE_RECURSION = YES;
				CLANG_WARN_INT_CONVERSION = YES;
				CLANG_WARN_OBJC_ROOT_CLASS = YES_ERROR;
				CLANG_WARN_SUSPICIOUS_MOVE = YES;
				CLANG_WARN_UNREACHABLE_CODE = YES;
				CLANG_WARN__DUPLICATE_METHOD_MATCH = YES;
				"CODE_SIGN_IDENTITY[sdk=iphoneos*]" = "iPhone Developer";
				COPY_PHASE_STRIP = NO;
				DEBUG_INFORMATION_FORMAT = "dwarf-with-dsym";
				ENABLE_NS_ASSERTIONS = NO;
				ENABLE_STRICT_OBJC_MSGSEND = YES;
				GCC_C_LANGUAGE_STANDARD = gnu99;
				GCC_NO_COMMON_BLOCKS = YES;
				GCC_WARN_64_TO_32_BIT_CONVERSION = YES;
				GCC_WARN_ABOUT_RETURN_TYPE = YES_ERROR;
				GCC_WARN_UNDECLARED_SELECTOR = YES;
				GCC_WARN_UNINITIALIZED_AUTOS = YES_AGGRESSIVE;
				GCC_WARN_UNUSED_FUNCTION = YES;
				GCC_WARN_UNUSED_VARIABLE = YES;
				IPHONEOS_DEPLOYMENT_TARGET = 10.3;
				MTL_ENABLE_DEBUG_INFO = NO;
				SDKROOT = iphoneos;
				SWIFT_OPTIMIZATION_LEVEL = "-Owholemodule";
				TARGETED_DEVICE_FAMILY = "1,2";
				VALIDATE_PRODUCT = YES;
			};
			name = Release;
		};
		CA6CAFF21F4FF8670004022F /* Debug */ = {
			isa = XCBuildConfiguration;
			buildSettings = {
				ASSETCATALOG_COMPILER_APPICON_NAME = AppIcon;
				DEVELOPMENT_TEAM = 6Z5EK2Z6N5;
				INFOPLIST_FILE = "Heads or Tails/Info.plist";
				LD_RUNPATH_SEARCH_PATHS = "$(inherited) @executable_path/Frameworks";
				PRODUCT_BUNDLE_IDENTIFIER = "edu.unlv.keteboa.Heads-or-Tails";
				PRODUCT_NAME = "$(TARGET_NAME)";
				SWIFT_VERSION = 3.0;
			};
			name = Debug;
		};
		CA6CAFF31F4FF8670004022F /* Release */ = {
			isa = XCBuildConfiguration;
			buildSettings = {
				ASSETCATALOG_COMPILER_APPICON_NAME = AppIcon;
				DEVELOPMENT_TEAM = 6Z5EK2Z6N5;
				INFOPLIST_FILE = "Heads or Tails/Info.plist";
				LD_RUNPATH_SEARCH_PATHS = "$(inherited) @executable_path/Frameworks";
				PRODUCT_BUNDLE_IDENTIFIER = "edu.unlv.keteboa.Heads-or-Tails";
				PRODUCT_NAME = "$(TARGET_NAME)";
				SWIFT_VERSION = 3.0;
			};
			name = Release;
		};
/* End XCBuildConfiguration section */

/* Begin XCConfigurationList section */
		CA6CAFDA1F4FF8670004022F /* Build configuration list for PBXProject "Heads or Tails" */ = {
			isa = XCConfigurationList;
			buildConfigurations = (
				CA6CAFEF1F4FF8670004022F /* Debug */,
				CA6CAFF01F4FF8670004022F /* Release */,
			);
			defaultConfigurationIsVisible = 0;
			defaultConfigurationName = Release;
		};
		CA6CAFF11F4FF8670004022F /* Build configuration list for PBXNativeTarget "Heads or Tails" */ = {
			isa = XCConfigurationList;
			buildConfigurations = (
				CA6CAFF21F4FF8670004022F /* Debug */,
				CA6CAFF31F4FF8670004022F /* Release */,
			);
			defaultConfigurationIsVisible = 0;
		};
/* End XCConfigurationList section */
	};
	rootObject = CA6CAFD71F4FF8670004022F /* Project object */;
}
